
Microsoft Visual Studio Solution File, Format Version 12.00
# Visual Studio 15
VisualStudioVersion = 15.0.27130.2036
MinimumVisualStudioVersion = 10.0.40219.1
Project("{FAE04EC0-301F-11D3-BF4B-00C04F79EFBC}") = "HandsOnTest.DataAccessLayer", "HandsOnTest.DataAccessLayer\HandsOnTest.DataAccessLayer.csproj", "{2CC3ED6E-5B6F-485C-9714-7AB93F882C24}"
EndProject
Project("{FAE04EC0-301F-11D3-BF4B-00C04F79EFBC}") = "HandsOnTest.BusinessLayer", "HandsOnTest.BusinessLayer\HandsOnTest.BusinessLayer.csproj", "{BA790063-5057-457B-B7FA-C8CBA39202AE}"
EndProject
Project("{FAE04EC0-301F-11D3-BF4B-00C04F79EFBC}") = "HandsOnTest.DTOs", "HandsOnTest.DTOs\HandsOnTest.DTOs.csproj", "{2B61010A-267C-4A0B-AF5C-D16658BA8C9F}"
EndProject
Project("{FAE04EC0-301F-11D3-BF4B-00C04F79EFBC}") = "HandsOnTest.ModelMapper", "HandsOnTest.ModelMapper\HandsOnTest.ModelMapper.csproj", "{E2ACA5C0-50EF-416F-8521-1DDD7271B119}"
EndProject
Project("{FAE04EC0-301F-11D3-BF4B-00C04F79EFBC}") = "HandsOnTestWebSite", "HandsOnTestWebSite\HandsOnTestWebSite.csproj", "{1AA48AB8-D911-4294-8BA2-643517E08C02}"
EndProject
Project("{FAE04EC0-301F-11D3-BF4B-00C04F79EFBC}") = "HandsOnTest.DbModels", "HandsOnTest.DbModels\HandsOnTest.DbModels.csproj", "{98483271-45A6-4392-97DF-D2837A582F13}"
EndProject
Project("{FAE04EC0-301F-11D3-BF4B-00C04F79EFBC}") = "HandsOnTest.BusinessLayer.Test", "HandsOnTest.BusinessLayer.Test\HandsOnTest.BusinessLayer.Test.csproj", "{F187F1A8-006B-4FF5-91E2-5619677A7033}"
EndProject
Global
	GlobalSection(SolutionConfigurationPlatforms) = preSolution
		Debug|Any CPU = Debug|Any CPU
		Release|Any CPU = Release|Any CPU
	EndGlobalSection
	GlobalSection(ProjectConfigurationPlatforms) = postSolution
		{2CC3ED6E-5B6F-485C-9714-7AB93F882C24}.Debug|Any CPU.ActiveCfg = Debug|Any CPU
		{2CC3ED6E-5B6F-485C-9714-7AB93F882C24}.Debug|Any CPU.Build.0 = Debug|Any CPU
		{2CC3ED6E-5B6F-485C-9714-7AB93F882C24}.Release|Any CPU.ActiveCfg = Release|Any CPU
		{2CC3ED6E-5B6F-485C-9714-7AB93F882C24}.Release|Any CPU.Build.0 = Release|Any CPU
		{BA790063-5057-457B-B7FA-C8CBA39202AE}.Debug|Any CPU.ActiveCfg = Debug|Any CPU
		{BA790063-5057-457B-B7FA-C8CBA39202AE}.Debug|Any CPU.Build.0 = Debug|Any CPU
		{BA790063-5057-457B-B7FA-C8CBA39202AE}.Release|Any CPU.ActiveCfg = Release|Any CPU
		{BA790063-5057-457B-B7FA-C8CBA39202AE}.Release|Any CPU.Build.0 = Release|Any CPU
		{2B61010A-267C-4A0B-AF5C-D16658BA8C9F}.Debug|Any CPU.ActiveCfg = Debug|Any CPU
		{2B61010A-267C-4A0B-AF5C-D16658BA8C9F}.Debug|Any CPU.Build.0 = Debug|Any CPU
		{2B61010A-267C-4A0B-AF5C-D16658BA8C9F}.Release|Any CPU.ActiveCfg = Release|Any CPU
		{2B61010A-267C-4A0B-AF5C-D16658BA8C9F}.Release|Any CPU.Build.0 = Release|Any CPU
		{E2ACA5C0-50EF-416F-8521-1DDD7271B119}.Debug|Any CPU.ActiveCfg = Debug|Any CPU
		{E2ACA5C0-50EF-416F-8521-1DDD7271B119}.Debug|Any CPU.Build.0 = Debug|Any CPU
		{E2ACA5C0-50EF-416F-8521-1DDD7271B119}.Release|Any CPU.ActiveCfg = Release|Any CPU
		{E2ACA5C0-50EF-416F-8521-1DDD7271B119}.Release|Any CPU.Build.0 = Release|Any CPU
		{1AA48AB8-D911-4294-8BA2-643517E08C02}.Debug|Any CPU.ActiveCfg = Debug|Any CPU
		{1AA48AB8-D911-4294-8BA2-643517E08C02}.Debug|Any CPU.Build.0 = Debug|Any CPU
		{1AA48AB8-D911-4294-8BA2-643517E08C02}.Release|Any CPU.ActiveCfg = Release|Any CPU
		{1AA48AB8-D911-4294-8BA2-643517E08C02}.Release|Any CPU.Build.0 = Release|Any CPU
		{98483271-45A6-4392-97DF-D2837A582F13}.Debug|Any CPU.ActiveCfg = Debug|Any CPU
		{98483271-45A6-4392-97DF-D2837A582F13}.Debug|Any CPU.Build.0 = Debug|Any CPU
		{98483271-45A6-4392-97DF-D2837A582F13}.Release|Any CPU.ActiveCfg = Release|Any CPU
		{98483271-45A6-4392-97DF-D2837A582F13}.Release|Any CPU.Build.0 = Release|Any CPU
		{F187F1A8-006B-4FF5-91E2-5619677A7033}.Debug|Any CPU.ActiveCfg = Debug|Any CPU
		{F187F1A8-006B-4FF5-91E2-5619677A7033}.Debug|Any CPU.Build.0 = Debug|Any CPU
		{F187F1A8-006B-4FF5-91E2-5619677A7033}.Release|Any CPU.ActiveCfg = Release|Any CPU
		{F187F1A8-006B-4FF5-91E2-5619677A7033}.Release|Any CPU.Build.0 = Release|Any CPU
	EndGlobalSection
	GlobalSection(SolutionProperties) = preSolution
		HideSolutionNode = FALSE
	EndGlobalSection
	GlobalSection(ExtensibilityGlobals) = postSolution
		SolutionGuid = {F43F5C72-4B1B-4807-9CA7-D76A8E8C2A45}
	EndGlobalSection
EndGlobal
